
Microsoft Visual Studio Solution File, Format Version 12.00
# Visual Studio Version 16
VisualStudioVersion = 16.0.30204.135
MinimumVisualStudioVersion = 10.0.40219.1
Project("{2150E333-8FDC-42A3-9474-1A3956D46DE8}") = "src", "src", "{7A31A733-A9A7-4A19-A57E-8969D2E59D5A}"
EndProject
Project("{9A19103F-16F7-4668-BE54-9A1E7A4F7556}") = "SimplePhotoDownloader", "src\SimplePhotoDownloader\SimplePhotoDownloader.csproj", "{9156CD20-B8AF-4C9F-82F1-7918CD8EE1F3}"
EndProject
Project("{2150E333-8FDC-42A3-9474-1A3956D46DE8}") = "Solution Items", "Solution Items", "{1C5FE50A-7679-44A6-BD2E-3C22DB79AF3F}"
	ProjectSection(SolutionItems) = preProject
		CHANGELOG.md = CHANGELOG.md
		README.md = README.md
	EndProjectSection
EndProject
Project("{2150E333-8FDC-42A3-9474-1A3956D46DE8}") = "tests", "tests", "{698D0FC3-B4D7-4A58-9A5E-29B519AEB111}"
EndProject
Project("{9A19103F-16F7-4668-BE54-9A1E7A4F7556}") = "SimplePhotoDownloader.Tests", "tests\SimplePhotoDownloader.Tests\SimplePhotoDownloader.Tests.csproj", "{3E7A2A3E-C166-4A6A-8DE9-A5852CF95FB4}"
EndProject
Project("{FAE04EC0-301F-11D3-BF4B-00C04F79EFBC}") = "MarsRover.PhotoDownload.Api", "src\MarsRover.PhotoDownloader.Api\MarsRover.PhotoDownload.Api.csproj", "{D5EEEDB2-2976-4BB7-9A23-DB1DAC35BED1}"
EndProject
Global
	GlobalSection(SolutionConfigurationPlatforms) = preSolution
		Debug|Any CPU = Debug|Any CPU
		Release|Any CPU = Release|Any CPU
	EndGlobalSection
	GlobalSection(ProjectConfigurationPlatforms) = postSolution
		{9156CD20-B8AF-4C9F-82F1-7918CD8EE1F3}.Debug|Any CPU.ActiveCfg = Debug|Any CPU
		{9156CD20-B8AF-4C9F-82F1-7918CD8EE1F3}.Debug|Any CPU.Build.0 = Debug|Any CPU
		{9156CD20-B8AF-4C9F-82F1-7918CD8EE1F3}.Release|Any CPU.ActiveCfg = Release|Any CPU
		{9156CD20-B8AF-4C9F-82F1-7918CD8EE1F3}.Release|Any CPU.Build.0 = Release|Any CPU
		{3E7A2A3E-C166-4A6A-8DE9-A5852CF95FB4}.Debug|Any CPU.ActiveCfg = Debug|Any CPU
		{3E7A2A3E-C166-4A6A-8DE9-A5852CF95FB4}.Debug|Any CPU.Build.0 = Debug|Any CPU
		{3E7A2A3E-C166-4A6A-8DE9-A5852CF95FB4}.Release|Any CPU.ActiveCfg = Release|Any CPU
		{3E7A2A3E-C166-4A6A-8DE9-A5852CF95FB4}.Release|Any CPU.Build.0 = Release|Any CPU
		{D5EEEDB2-2976-4BB7-9A23-DB1DAC35BED1}.Debug|Any CPU.ActiveCfg = Debug|Any CPU
		{D5EEEDB2-2976-4BB7-9A23-DB1DAC35BED1}.Debug|Any CPU.Build.0 = Debug|Any CPU
		{D5EEEDB2-2976-4BB7-9A23-DB1DAC35BED1}.Release|Any CPU.ActiveCfg = Release|Any CPU
		{D5EEEDB2-2976-4BB7-9A23-DB1DAC35BED1}.Release|Any CPU.Build.0 = Release|Any CPU
	EndGlobalSection
	GlobalSection(SolutionProperties) = preSolution
		HideSolutionNode = FALSE
	EndGlobalSection
	GlobalSection(NestedProjects) = preSolution
		{9156CD20-B8AF-4C9F-82F1-7918CD8EE1F3} = {7A31A733-A9A7-4A19-A57E-8969D2E59D5A}
		{3E7A2A3E-C166-4A6A-8DE9-A5852CF95FB4} = {698D0FC3-B4D7-4A58-9A5E-29B519AEB111}
		{D5EEEDB2-2976-4BB7-9A23-DB1DAC35BED1} = {7A31A733-A9A7-4A19-A57E-8969D2E59D5A}
	EndGlobalSection
	GlobalSection(ExtensibilityGlobals) = postSolution
		SolutionGuid = {B909DDD1-6F21-43A6-926E-F846F845ADD6}
	EndGlobalSection
EndGlobal
